<?xml version="1.0" encoding="utf-8"?>
<Project ToolsVersion="4.0" xmlns="http://schemas.microsoft.com/developer/msbuild/2003">
  <ItemGroup>
    <Filter Include="source">
      <UniqueIdentifier>{ea757d8e-7a37-4c17-8e4f-fa20bc115501}</UniqueIdentifier>
    </Filter>
    <Filter Include="include">
      <UniqueIdentifier>{5da07f26-ba7d-4ffc-9571-5889048aefd7}</UniqueIdentifier>
    </Filter>
  </ItemGroup>
  <ItemGroup>
    <None Include="Makefile" />
  </ItemGroup>
  <ItemGroup>
    <ClCompile Include="source\main.cpp">
      <Filter>source</Filter>
    </ClCompile>
    <ClCompile Include="source\paddle.cpp">
      <Filter>source</Filter>
    </ClCompile>
    <ClCompile Include="source\ball.cpp">
      <Filter>source</Filter>
    </ClCompile>
    <ClCompile Include="source\GameController.cpp">
      <Filter>source</Filter>
    </ClCompile>
    <ClCompile Include="source\GameObject.cpp">
      <Filter>source</Filter>
    </ClCompile>
  </ItemGroup>
  <ItemGroup>
    <ClInclude Include="include\paddle.h">
      <Filter>include</Filter>
    </ClInclude>
    <ClInclude Include="include\ball.h">
      <Filter>include</Filter>
    </ClInclude>
    <ClInclude Include="include\GameController.h">
      <Filter>include</Filter>
    </ClInclude>
    <ClInclude Include="include\GameObject.h">
      <Filter>include</Filter>
    </ClInclude>
  </ItemGroup>
</Project>